
Microsoft Visual Studio Solution File, Format Version 12.00
# Visual Studio Version 16
VisualStudioVersion = 16.0.29728.190
MinimumVisualStudioVersion = 10.0.40219.1
Project("{E24C65DC-7377-472B-9ABA-BC803B73C61A}") = "node_13.7.0x64", ".", "{6A4C3AA1-DCA6-413D-AEDA-1C74D08865D3}"
	ProjectSection(WebsiteProperties) = preProject
		TargetFrameworkMoniker = ".NETFramework,Version%3Dv4.0"
		Debug.AspNetCompiler.VirtualPath = "/localhost_55533"
		Debug.AspNetCompiler.PhysicalPath = "..\node_13.7.0x64\"
		Debug.AspNetCompiler.TargetPath = "PrecompiledWeb\localhost_55533\"
		Debug.AspNetCompiler.Updateable = "true"
		Debug.AspNetCompiler.ForceOverwrite = "true"
		Debug.AspNetCompiler.FixedNames = "false"
		Debug.AspNetCompiler.Debug = "True"
		Release.AspNetCompiler.VirtualPath = "/localhost_55533"
		Release.AspNetCompiler.PhysicalPath = "..\node_13.7.0x64\"
		Release.AspNetCompiler.TargetPath = "PrecompiledWeb\localhost_55533\"
		Release.AspNetCompiler.Updateable = "true"
		Release.AspNetCompiler.ForceOverwrite = "true"
		Release.AspNetCompiler.FixedNames = "false"
		Release.AspNetCompiler.Debug = "False"
		VWDPort = "55533"
		SlnRelativePath = "..\node_13.7.0x64\"
	EndProjectSection
EndProject
Project("{FAE04EC0-301F-11D3-BF4B-00C04F79EFBC}") = "txt2tcp", "raw2tcp\txt2tcp.csproj", "{C703F02D-E191-49DD-982D-ED3800E00F69}"
EndProject
Project("{8BC9CEB8-8B4A-11D0-8D11-00A0C91BC942}") = "leveldb", "leveldb\leveldb.vcxproj", "{38D8DEB6-0C88-4A34-8AF0-D3405F6FF192}"
EndProject
Project("{E24C65DC-7377-472B-9ABA-BC803B73C61A}") = "grpc_nodejs", "..\grpc_nodejs\", "{191FC56B-7DAD-4D64-B799-2DF50586C686}"
	ProjectSection(WebsiteProperties) = preProject
		TargetFrameworkMoniker = ".NETFramework,Version%3Dv4.0"
		Debug.AspNetCompiler.VirtualPath = "/localhost_54900"
		Debug.AspNetCompiler.PhysicalPath = "..\grpc_nodejs\"
		Debug.AspNetCompiler.TargetPath = "PrecompiledWeb\localhost_54900\"
		Debug.AspNetCompiler.Updateable = "true"
		Debug.AspNetCompiler.ForceOverwrite = "true"
		Debug.AspNetCompiler.FixedNames = "false"
		Debug.AspNetCompiler.Debug = "True"
		Release.AspNetCompiler.VirtualPath = "/localhost_54900"
		Release.AspNetCompiler.PhysicalPath = "..\grpc_nodejs\"
		Release.AspNetCompiler.TargetPath = "PrecompiledWeb\localhost_54900\"
		Release.AspNetCompiler.Updateable = "true"
		Release.AspNetCompiler.ForceOverwrite = "true"
		Release.AspNetCompiler.FixedNames = "false"
		Release.AspNetCompiler.Debug = "False"
		VWDPort = "54900"
		SlnRelativePath = "..\grpc_nodejs\"
	EndProjectSection
EndProject
Project("{E24C65DC-7377-472B-9ABA-BC803B73C61A}") = "redis_nodejs", "..\redis_nodejs\", "{B60773AF-59C8-4D75-8615-BADD32E5E003}"
	ProjectSection(WebsiteProperties) = preProject
		TargetFrameworkMoniker = ".NETFramework,Version%3Dv4.0"
		Debug.AspNetCompiler.VirtualPath = "/localhost_56471"
		Debug.AspNetCompiler.PhysicalPath = "..\redis_nodejs\"
		Debug.AspNetCompiler.TargetPath = "PrecompiledWeb\localhost_56471\"
		Debug.AspNetCompiler.Updateable = "true"
		Debug.AspNetCompiler.ForceOverwrite = "true"
		Debug.AspNetCompiler.FixedNames = "false"
		Debug.AspNetCompiler.Debug = "True"
		Release.AspNetCompiler.VirtualPath = "/localhost_56471"
		Release.AspNetCompiler.PhysicalPath = "..\redis_nodejs\"
		Release.AspNetCompiler.TargetPath = "PrecompiledWeb\localhost_56471\"
		Release.AspNetCompiler.Updateable = "true"
		Release.AspNetCompiler.ForceOverwrite = "true"
		Release.AspNetCompiler.FixedNames = "false"
		Release.AspNetCompiler.Debug = "False"
		VWDPort = "56471"
		SlnRelativePath = "..\redis_nodejs\"
	EndProjectSection
EndProject
Project("{E24C65DC-7377-472B-9ABA-BC803B73C61A}") = "F88.Mobility.Ids", "..\F88\F88.Mobility.Ids\", "{ECAF97E7-9863-4F3E-BAD3-7F3A0ECFB00A}"
	ProjectSection(WebsiteProperties) = preProject
		TargetFrameworkMoniker = ".NETFramework,Version%3Dv4.0"
		Debug.AspNetCompiler.VirtualPath = "/localhost_63588"
		Debug.AspNetCompiler.PhysicalPath = "..\F88\F88.Mobility.Ids\"
		Debug.AspNetCompiler.TargetPath = "PrecompiledWeb\localhost_63588\"
		Debug.AspNetCompiler.Updateable = "true"
		Debug.AspNetCompiler.ForceOverwrite = "true"
		Debug.AspNetCompiler.FixedNames = "false"
		Debug.AspNetCompiler.Debug = "True"
		Release.AspNetCompiler.VirtualPath = "/localhost_63588"
		Release.AspNetCompiler.PhysicalPath = "..\F88\F88.Mobility.Ids\"
		Release.AspNetCompiler.TargetPath = "PrecompiledWeb\localhost_63588\"
		Release.AspNetCompiler.Updateable = "true"
		Release.AspNetCompiler.ForceOverwrite = "true"
		Release.AspNetCompiler.FixedNames = "false"
		Release.AspNetCompiler.Debug = "False"
		VWDPort = "63588"
		SlnRelativePath = "..\F88\F88.Mobility.Ids\"
	EndProjectSection
EndProject
Project("{E24C65DC-7377-472B-9ABA-BC803B73C61A}") = "F88.Mobility.Login", "..\F88\F88.Mobility.Login\", "{EA60A396-F05B-4C90-A890-395B7C30790F}"
	ProjectSection(WebsiteProperties) = preProject
		TargetFrameworkMoniker = ".NETFramework,Version%3Dv4.0"
		Debug.AspNetCompiler.VirtualPath = "/localhost_60053"
		Debug.AspNetCompiler.PhysicalPath = "..\F88\F88.Mobility.Login\"
		Debug.AspNetCompiler.TargetPath = "PrecompiledWeb\localhost_60053\"
		Debug.AspNetCompiler.Updateable = "true"
		Debug.AspNetCompiler.ForceOverwrite = "true"
		Debug.AspNetCompiler.FixedNames = "false"
		Debug.AspNetCompiler.Debug = "True"
		Release.AspNetCompiler.VirtualPath = "/localhost_60053"
		Release.AspNetCompiler.PhysicalPath = "..\F88\F88.Mobility.Login\"
		Release.AspNetCompiler.TargetPath = "PrecompiledWeb\localhost_60053\"
		Release.AspNetCompiler.Updateable = "true"
		Release.AspNetCompiler.ForceOverwrite = "true"
		Release.AspNetCompiler.FixedNames = "false"
		Release.AspNetCompiler.Debug = "False"
		VWDPort = "60053"
		SlnRelativePath = "..\F88\F88.Mobility.Login\"
	EndProjectSection
EndProject
Global
	GlobalSection(SolutionConfigurationPlatforms) = preSolution
		Debug|Any CPU = Debug|Any CPU
		Debug|x64 = Debug|x64
		Debug|x86 = Debug|x86
		Release|Any CPU = Release|Any CPU
		Release|x64 = Release|x64
		Release|x86 = Release|x86
	EndGlobalSection
	GlobalSection(ProjectConfigurationPlatforms) = postSolution
		{6A4C3AA1-DCA6-413D-AEDA-1C74D08865D3}.Debug|Any CPU.ActiveCfg = Debug|Any CPU
		{6A4C3AA1-DCA6-413D-AEDA-1C74D08865D3}.Debug|Any CPU.Build.0 = Debug|Any CPU
		{6A4C3AA1-DCA6-413D-AEDA-1C74D08865D3}.Debug|x64.ActiveCfg = Debug|Any CPU
		{6A4C3AA1-DCA6-413D-AEDA-1C74D08865D3}.Debug|x64.Build.0 = Debug|Any CPU
		{6A4C3AA1-DCA6-413D-AEDA-1C74D08865D3}.Debug|x86.ActiveCfg = Debug|Any CPU
		{6A4C3AA1-DCA6-413D-AEDA-1C74D08865D3}.Debug|x86.Build.0 = Debug|Any CPU
		{6A4C3AA1-DCA6-413D-AEDA-1C74D08865D3}.Release|Any CPU.ActiveCfg = Debug|Any CPU
		{6A4C3AA1-DCA6-413D-AEDA-1C74D08865D3}.Release|Any CPU.Build.0 = Debug|Any CPU
		{6A4C3AA1-DCA6-413D-AEDA-1C74D08865D3}.Release|x64.ActiveCfg = Debug|Any CPU
		{6A4C3AA1-DCA6-413D-AEDA-1C74D08865D3}.Release|x64.Build.0 = Debug|Any CPU
		{6A4C3AA1-DCA6-413D-AEDA-1C74D08865D3}.Release|x86.ActiveCfg = Debug|Any CPU
		{6A4C3AA1-DCA6-413D-AEDA-1C74D08865D3}.Release|x86.Build.0 = Debug|Any CPU
		{C703F02D-E191-49DD-982D-ED3800E00F69}.Debug|Any CPU.ActiveCfg = Debug|Any CPU
		{C703F02D-E191-49DD-982D-ED3800E00F69}.Debug|Any CPU.Build.0 = Debug|Any CPU
		{C703F02D-E191-49DD-982D-ED3800E00F69}.Debug|x64.ActiveCfg = Debug|Any CPU
		{C703F02D-E191-49DD-982D-ED3800E00F69}.Debug|x64.Build.0 = Debug|Any CPU
		{C703F02D-E191-49DD-982D-ED3800E00F69}.Debug|x86.ActiveCfg = Debug|Any CPU
		{C703F02D-E191-49DD-982D-ED3800E00F69}.Debug|x86.Build.0 = Debug|Any CPU
		{C703F02D-E191-49DD-982D-ED3800E00F69}.Release|Any CPU.ActiveCfg = Release|Any CPU
		{C703F02D-E191-49DD-982D-ED3800E00F69}.Release|Any CPU.Build.0 = Release|Any CPU
		{C703F02D-E191-49DD-982D-ED3800E00F69}.Release|x64.ActiveCfg = Release|Any CPU
		{C703F02D-E191-49DD-982D-ED3800E00F69}.Release|x64.Build.0 = Release|Any CPU
		{C703F02D-E191-49DD-982D-ED3800E00F69}.Release|x86.ActiveCfg = Release|Any CPU
		{C703F02D-E191-49DD-982D-ED3800E00F69}.Release|x86.Build.0 = Release|Any CPU
		{38D8DEB6-0C88-4A34-8AF0-D3405F6FF192}.Debug|Any CPU.ActiveCfg = Debug|Win32
		{38D8DEB6-0C88-4A34-8AF0-D3405F6FF192}.Debug|x64.ActiveCfg = Debug|x64
		{38D8DEB6-0C88-4A34-8AF0-D3405F6FF192}.Debug|x64.Build.0 = Debug|x64
		{38D8DEB6-0C88-4A34-8AF0-D3405F6FF192}.Debug|x86.ActiveCfg = Debug|Win32
		{38D8DEB6-0C88-4A34-8AF0-D3405F6FF192}.Debug|x86.Build.0 = Debug|Win32
		{38D8DEB6-0C88-4A34-8AF0-D3405F6FF192}.Release|Any CPU.ActiveCfg = Release|Win32
		{38D8DEB6-0C88-4A34-8AF0-D3405F6FF192}.Release|x64.ActiveCfg = Release|x64
		{38D8DEB6-0C88-4A34-8AF0-D3405F6FF192}.Release|x64.Build.0 = Release|x64
		{38D8DEB6-0C88-4A34-8AF0-D3405F6FF192}.Release|x86.ActiveCfg = Release|Win32
		{38D8DEB6-0C88-4A34-8AF0-D3405F6FF192}.Release|x86.Build.0 = Release|Win32
		{191FC56B-7DAD-4D64-B799-2DF50586C686}.Debug|Any CPU.ActiveCfg = Debug|Any CPU
		{191FC56B-7DAD-4D64-B799-2DF50586C686}.Debug|Any CPU.Build.0 = Debug|Any CPU
		{191FC56B-7DAD-4D64-B799-2DF50586C686}.Debug|x64.ActiveCfg = Debug|Any CPU
		{191FC56B-7DAD-4D64-B799-2DF50586C686}.Debug|x64.Build.0 = Debug|Any CPU
		{191FC56B-7DAD-4D64-B799-2DF50586C686}.Debug|x86.ActiveCfg = Debug|Any CPU
		{191FC56B-7DAD-4D64-B799-2DF50586C686}.Debug|x86.Build.0 = Debug|Any CPU
		{191FC56B-7DAD-4D64-B799-2DF50586C686}.Release|Any CPU.ActiveCfg = Debug|Any CPU
		{191FC56B-7DAD-4D64-B799-2DF50586C686}.Release|Any CPU.Build.0 = Debug|Any CPU
		{191FC56B-7DAD-4D64-B799-2DF50586C686}.Release|x64.ActiveCfg = Debug|Any CPU
		{191FC56B-7DAD-4D64-B799-2DF50586C686}.Release|x64.Build.0 = Debug|Any CPU
		{191FC56B-7DAD-4D64-B799-2DF50586C686}.Release|x86.ActiveCfg = Debug|Any CPU
		{191FC56B-7DAD-4D64-B799-2DF50586C686}.Release|x86.Build.0 = Debug|Any CPU
		{B60773AF-59C8-4D75-8615-BADD32E5E003}.Debug|Any CPU.ActiveCfg = Debug|Any CPU
		{B60773AF-59C8-4D75-8615-BADD32E5E003}.Debug|Any CPU.Build.0 = Debug|Any CPU
		{B60773AF-59C8-4D75-8615-BADD32E5E003}.Debug|x64.ActiveCfg = Debug|Any CPU
		{B60773AF-59C8-4D75-8615-BADD32E5E003}.Debug|x64.Build.0 = Debug|Any CPU
		{B60773AF-59C8-4D75-8615-BADD32E5E003}.Debug|x86.ActiveCfg = Debug|Any CPU
		{B60773AF-59C8-4D75-8615-BADD32E5E003}.Debug|x86.Build.0 = Debug|Any CPU
		{B60773AF-59C8-4D75-8615-BADD32E5E003}.Release|Any CPU.ActiveCfg = Debug|Any CPU
		{B60773AF-59C8-4D75-8615-BADD32E5E003}.Release|Any CPU.Build.0 = Debug|Any CPU
		{B60773AF-59C8-4D75-8615-BADD32E5E003}.Release|x64.ActiveCfg = Debug|Any CPU
		{B60773AF-59C8-4D75-8615-BADD32E5E003}.Release|x64.Build.0 = Debug|Any CPU
		{B60773AF-59C8-4D75-8615-BADD32E5E003}.Release|x86.ActiveCfg = Debug|Any CPU
		{B60773AF-59C8-4D75-8615-BADD32E5E003}.Release|x86.Build.0 = Debug|Any CPU
		{ECAF97E7-9863-4F3E-BAD3-7F3A0ECFB00A}.Debug|Any CPU.ActiveCfg = Debug|Any CPU
		{ECAF97E7-9863-4F3E-BAD3-7F3A0ECFB00A}.Debug|Any CPU.Build.0 = Debug|Any CPU
		{ECAF97E7-9863-4F3E-BAD3-7F3A0ECFB00A}.Debug|x64.ActiveCfg = Debug|Any CPU
		{ECAF97E7-9863-4F3E-BAD3-7F3A0ECFB00A}.Debug|x64.Build.0 = Debug|Any CPU
		{ECAF97E7-9863-4F3E-BAD3-7F3A0ECFB00A}.Debug|x86.ActiveCfg = Debug|Any CPU
		{ECAF97E7-9863-4F3E-BAD3-7F3A0ECFB00A}.Debug|x86.Build.0 = Debug|Any CPU
		{ECAF97E7-9863-4F3E-BAD3-7F3A0ECFB00A}.Release|Any CPU.ActiveCfg = Debug|Any CPU
		{ECAF97E7-9863-4F3E-BAD3-7F3A0ECFB00A}.Release|Any CPU.Build.0 = Debug|Any CPU
		{ECAF97E7-9863-4F3E-BAD3-7F3A0ECFB00A}.Release|x64.ActiveCfg = Debug|Any CPU
		{ECAF97E7-9863-4F3E-BAD3-7F3A0ECFB00A}.Release|x64.Build.0 = Debug|Any CPU
		{ECAF97E7-9863-4F3E-BAD3-7F3A0ECFB00A}.Release|x86.ActiveCfg = Debug|Any CPU
		{ECAF97E7-9863-4F3E-BAD3-7F3A0ECFB00A}.Release|x86.Build.0 = Debug|Any CPU
		{EA60A396-F05B-4C90-A890-395B7C30790F}.Debug|Any CPU.ActiveCfg = Debug|Any CPU
		{EA60A396-F05B-4C90-A890-395B7C30790F}.Debug|Any CPU.Build.0 = Debug|Any CPU
		{EA60A396-F05B-4C90-A890-395B7C30790F}.Debug|x64.ActiveCfg = Debug|Any CPU
		{EA60A396-F05B-4C90-A890-395B7C30790F}.Debug|x64.Build.0 = Debug|Any CPU
		{EA60A396-F05B-4C90-A890-395B7C30790F}.Debug|x86.ActiveCfg = Debug|Any CPU
		{EA60A396-F05B-4C90-A890-395B7C30790F}.Debug|x86.Build.0 = Debug|Any CPU
		{EA60A396-F05B-4C90-A890-395B7C30790F}.Release|Any CPU.ActiveCfg = Debug|Any CPU
		{EA60A396-F05B-4C90-A890-395B7C30790F}.Release|Any CPU.Build.0 = Debug|Any CPU
		{EA60A396-F05B-4C90-A890-395B7C30790F}.Release|x64.ActiveCfg = Debug|Any CPU
		{EA60A396-F05B-4C90-A890-395B7C30790F}.Release|x64.Build.0 = Debug|Any CPU
		{EA60A396-F05B-4C90-A890-395B7C30790F}.Release|x86.ActiveCfg = Debug|Any CPU
		{EA60A396-F05B-4C90-A890-395B7C30790F}.Release|x86.Build.0 = Debug|Any CPU
	EndGlobalSection
	GlobalSection(SolutionProperties) = preSolution
		HideSolutionNode = FALSE
	EndGlobalSection
	GlobalSection(ExtensibilityGlobals) = postSolution
		SolutionGuid = {7A674BCF-A052-4EB3-97D0-37DC1942B487}
	EndGlobalSection
EndGlobal
